
Microsoft Visual Studio Solution File, Format Version 12.00
# Visual Studio Version 17
VisualStudioVersion = 17.5.33516.290
MinimumVisualStudioVersion = 10.0.40219.1
Project("{FAE04EC0-301F-11D3-BF4B-00C04F79EFBC}") = "ConsolePatterns", "ConsolePatterns\ConsolePatterns.csproj", "{30E5A3DA-8B90-4253-81CD-6F795462112F}"
EndProject
Project("{FAE04EC0-301F-11D3-BF4B-00C04F79EFBC}") = "ClassLibraryPatterns", "ClassLibraryPatterns\ClassLibraryPatterns.csproj", "{B5EABBB6-A6B0-4C5D-80A3-95EBCF27F770}"
EndProject
Global
	GlobalSection(SolutionConfigurationPlatforms) = preSolution
		Debug|Any CPU = Debug|Any CPU
		Release|Any CPU = Release|Any CPU
	EndGlobalSection
	GlobalSection(ProjectConfigurationPlatforms) = postSolution
		{30E5A3DA-8B90-4253-81CD-6F795462112F}.Debug|Any CPU.ActiveCfg = Debug|Any CPU
		{30E5A3DA-8B90-4253-81CD-6F795462112F}.Debug|Any CPU.Build.0 = Debug|Any CPU
		{30E5A3DA-8B90-4253-81CD-6F795462112F}.Release|Any CPU.ActiveCfg = Release|Any CPU
		{30E5A3DA-8B90-4253-81CD-6F795462112F}.Release|Any CPU.Build.0 = Release|Any CPU
		{B5EABBB6-A6B0-4C5D-80A3-95EBCF27F770}.Debug|Any CPU.ActiveCfg = Debug|Any CPU
		{B5EABBB6-A6B0-4C5D-80A3-95EBCF27F770}.Debug|Any CPU.Build.0 = Debug|Any CPU
		{B5EABBB6-A6B0-4C5D-80A3-95EBCF27F770}.Release|Any CPU.ActiveCfg = Release|Any CPU
		{B5EABBB6-A6B0-4C5D-80A3-95EBCF27F770}.Release|Any CPU.Build.0 = Release|Any CPU
	EndGlobalSection
	GlobalSection(SolutionProperties) = preSolution
		HideSolutionNode = FALSE
	EndGlobalSection
	GlobalSection(ExtensibilityGlobals) = postSolution
		SolutionGuid = {C9C801C6-6797-44F8-AD82-E166E0644D1E}
	EndGlobalSection
EndGlobal
